
Microsoft Visual Studio Solution File, Format Version 12.00
# Visual Studio 15
VisualStudioVersion = 15.0.27130.2024
MinimumVisualStudioVersion = 10.0.40219.1
Project("{FAE04EC0-301F-11D3-BF4B-00C04F79EFBC}") = "IndexOfLetters", "IndexOfLetters\IndexOfLetters.csproj", "{A56D5B29-01ED-46F4-B721-6A392FAF91F7}"
EndProject
Global
	GlobalSection(SolutionConfigurationPlatforms) = preSolution
		Debug|Any CPU = Debug|Any CPU
		Release|Any CPU = Release|Any CPU
	EndGlobalSection
	GlobalSection(ProjectConfigurationPlatforms) = postSolution
		{A56D5B29-01ED-46F4-B721-6A392FAF91F7}.Debug|Any CPU.ActiveCfg = Debug|Any CPU
		{A56D5B29-01ED-46F4-B721-6A392FAF91F7}.Debug|Any CPU.Build.0 = Debug|Any CPU
		{A56D5B29-01ED-46F4-B721-6A392FAF91F7}.Release|Any CPU.ActiveCfg = Release|Any CPU
		{A56D5B29-01ED-46F4-B721-6A392FAF91F7}.Release|Any CPU.Build.0 = Release|Any CPU
	EndGlobalSection
	GlobalSection(SolutionProperties) = preSolution
		HideSolutionNode = FALSE
	EndGlobalSection
	GlobalSection(ExtensibilityGlobals) = postSolution
		SolutionGuid = {E821EF96-3251-4ECB-A49B-71200AAD53AB}
	EndGlobalSection
EndGlobal
