
Microsoft Visual Studio Solution File, Format Version 12.00
# Visual Studio 15
VisualStudioVersion = 15.0.27130.2027
MinimumVisualStudioVersion = 10.0.40219.1
Project("{FAE04EC0-301F-11D3-BF4B-00C04F79EFBC}") = "AMinerTask", "AMinerTask\AMinerTask.csproj", "{91C886FD-9AC8-4EAE-9160-C4FC6A3D20B4}"
EndProject
Global
	GlobalSection(SolutionConfigurationPlatforms) = preSolution
		Debug|Any CPU = Debug|Any CPU
		Release|Any CPU = Release|Any CPU
	EndGlobalSection
	GlobalSection(ProjectConfigurationPlatforms) = postSolution
		{91C886FD-9AC8-4EAE-9160-C4FC6A3D20B4}.Debug|Any CPU.ActiveCfg = Debug|Any CPU
		{91C886FD-9AC8-4EAE-9160-C4FC6A3D20B4}.Debug|Any CPU.Build.0 = Debug|Any CPU
		{91C886FD-9AC8-4EAE-9160-C4FC6A3D20B4}.Release|Any CPU.ActiveCfg = Release|Any CPU
		{91C886FD-9AC8-4EAE-9160-C4FC6A3D20B4}.Release|Any CPU.Build.0 = Release|Any CPU
	EndGlobalSection
	GlobalSection(SolutionProperties) = preSolution
		HideSolutionNode = FALSE
	EndGlobalSection
	GlobalSection(ExtensibilityGlobals) = postSolution
		SolutionGuid = {68B25E24-0F2E-4CBD-ACD2-6457B7AA3AA5}
	EndGlobalSection
EndGlobal
