
Microsoft Visual Studio Solution File, Format Version 12.00
# Visual Studio 15
VisualStudioVersion = 15.0.27130.2027
MinimumVisualStudioVersion = 10.0.40219.1
Project("{FAE04EC0-301F-11D3-BF4B-00C04F79EFBC}") = "05.MagicExchangeableWordsV2", "05.MagicExchangeableWordsV2\05.MagicExchangeableWordsV2.csproj", "{D45F9264-8275-4B04-9019-0E1EF124358B}"
EndProject
Global
	GlobalSection(SolutionConfigurationPlatforms) = preSolution
		Debug|Any CPU = Debug|Any CPU
		Release|Any CPU = Release|Any CPU
	EndGlobalSection
	GlobalSection(ProjectConfigurationPlatforms) = postSolution
		{D45F9264-8275-4B04-9019-0E1EF124358B}.Debug|Any CPU.ActiveCfg = Debug|Any CPU
		{D45F9264-8275-4B04-9019-0E1EF124358B}.Debug|Any CPU.Build.0 = Debug|Any CPU
		{D45F9264-8275-4B04-9019-0E1EF124358B}.Release|Any CPU.ActiveCfg = Release|Any CPU
		{D45F9264-8275-4B04-9019-0E1EF124358B}.Release|Any CPU.Build.0 = Release|Any CPU
	EndGlobalSection
	GlobalSection(SolutionProperties) = preSolution
		HideSolutionNode = FALSE
	EndGlobalSection
	GlobalSection(ExtensibilityGlobals) = postSolution
		SolutionGuid = {AAEBA885-C740-41AB-8B85-5DDC5C29E070}
	EndGlobalSection
EndGlobal
