
Microsoft Visual Studio Solution File, Format Version 12.00
# Visual Studio 15
VisualStudioVersion = 15.0.27130.2027
MinimumVisualStudioVersion = 10.0.40219.1
Project("{FAE04EC0-301F-11D3-BF4B-00C04F79EFBC}") = "BombNumbers", "BombNumbers\BombNumbers.csproj", "{AF3D4884-11DF-4F79-9525-989C08AFCDD1}"
EndProject
Global
	GlobalSection(SolutionConfigurationPlatforms) = preSolution
		Debug|Any CPU = Debug|Any CPU
		Release|Any CPU = Release|Any CPU
	EndGlobalSection
	GlobalSection(ProjectConfigurationPlatforms) = postSolution
		{AF3D4884-11DF-4F79-9525-989C08AFCDD1}.Debug|Any CPU.ActiveCfg = Debug|Any CPU
		{AF3D4884-11DF-4F79-9525-989C08AFCDD1}.Debug|Any CPU.Build.0 = Debug|Any CPU
		{AF3D4884-11DF-4F79-9525-989C08AFCDD1}.Release|Any CPU.ActiveCfg = Release|Any CPU
		{AF3D4884-11DF-4F79-9525-989C08AFCDD1}.Release|Any CPU.Build.0 = Release|Any CPU
	EndGlobalSection
	GlobalSection(SolutionProperties) = preSolution
		HideSolutionNode = FALSE
	EndGlobalSection
	GlobalSection(ExtensibilityGlobals) = postSolution
		SolutionGuid = {FF302773-C357-4701-A13A-CA251C01A186}
	EndGlobalSection
EndGlobal
