
Microsoft Visual Studio Solution File, Format Version 12.00
# Visual Studio 15
VisualStudioVersion = 15.0.27130.2027
MinimumVisualStudioVersion = 10.0.40219.1
Project("{FAE04EC0-301F-11D3-BF4B-00C04F79EFBC}") = "SumMinMaxAverage", "SumMinMaxAverage\SumMinMaxAverage.csproj", "{BA5CEB24-EB2D-4390-A057-D54F85B832DD}"
EndProject
Global
	GlobalSection(SolutionConfigurationPlatforms) = preSolution
		Debug|Any CPU = Debug|Any CPU
		Release|Any CPU = Release|Any CPU
	EndGlobalSection
	GlobalSection(ProjectConfigurationPlatforms) = postSolution
		{BA5CEB24-EB2D-4390-A057-D54F85B832DD}.Debug|Any CPU.ActiveCfg = Debug|Any CPU
		{BA5CEB24-EB2D-4390-A057-D54F85B832DD}.Debug|Any CPU.Build.0 = Debug|Any CPU
		{BA5CEB24-EB2D-4390-A057-D54F85B832DD}.Release|Any CPU.ActiveCfg = Release|Any CPU
		{BA5CEB24-EB2D-4390-A057-D54F85B832DD}.Release|Any CPU.Build.0 = Release|Any CPU
	EndGlobalSection
	GlobalSection(SolutionProperties) = preSolution
		HideSolutionNode = FALSE
	EndGlobalSection
	GlobalSection(ExtensibilityGlobals) = postSolution
		SolutionGuid = {DD4A57DA-FC10-4A5C-9AE6-60D68E0A0D5A}
	EndGlobalSection
EndGlobal
