
Microsoft Visual Studio Solution File, Format Version 12.00
# Visual Studio 15
VisualStudioVersion = 15.0.27130.2027
MinimumVisualStudioVersion = 10.0.40219.1
Project("{FAE04EC0-301F-11D3-BF4B-00C04F79EFBC}") = "03.TextFilter", "03.TextFilter\03.TextFilter.csproj", "{9E523719-2480-46AB-A49E-C886BD6CE5AF}"
EndProject
Global
	GlobalSection(SolutionConfigurationPlatforms) = preSolution
		Debug|Any CPU = Debug|Any CPU
		Release|Any CPU = Release|Any CPU
	EndGlobalSection
	GlobalSection(ProjectConfigurationPlatforms) = postSolution
		{9E523719-2480-46AB-A49E-C886BD6CE5AF}.Debug|Any CPU.ActiveCfg = Debug|Any CPU
		{9E523719-2480-46AB-A49E-C886BD6CE5AF}.Debug|Any CPU.Build.0 = Debug|Any CPU
		{9E523719-2480-46AB-A49E-C886BD6CE5AF}.Release|Any CPU.ActiveCfg = Release|Any CPU
		{9E523719-2480-46AB-A49E-C886BD6CE5AF}.Release|Any CPU.Build.0 = Release|Any CPU
	EndGlobalSection
	GlobalSection(SolutionProperties) = preSolution
		HideSolutionNode = FALSE
	EndGlobalSection
	GlobalSection(ExtensibilityGlobals) = postSolution
		SolutionGuid = {FBB9C9A6-5FBB-4294-AF94-FC08E80DDA17}
	EndGlobalSection
EndGlobal
