
Microsoft Visual Studio Solution File, Format Version 12.00
# Visual Studio 15
VisualStudioVersion = 15.0.27130.2024
MinimumVisualStudioVersion = 10.0.40219.1
Project("{FAE04EC0-301F-11D3-BF4B-00C04F79EFBC}") = "SieveOfEratosthenes", "SieveOfEratosthenes\SieveOfEratosthenes.csproj", "{12EB32CF-9F62-4B11-ABA9-B266E77623EA}"
EndProject
Global
	GlobalSection(SolutionConfigurationPlatforms) = preSolution
		Debug|Any CPU = Debug|Any CPU
		Release|Any CPU = Release|Any CPU
	EndGlobalSection
	GlobalSection(ProjectConfigurationPlatforms) = postSolution
		{12EB32CF-9F62-4B11-ABA9-B266E77623EA}.Debug|Any CPU.ActiveCfg = Debug|Any CPU
		{12EB32CF-9F62-4B11-ABA9-B266E77623EA}.Debug|Any CPU.Build.0 = Debug|Any CPU
		{12EB32CF-9F62-4B11-ABA9-B266E77623EA}.Release|Any CPU.ActiveCfg = Release|Any CPU
		{12EB32CF-9F62-4B11-ABA9-B266E77623EA}.Release|Any CPU.Build.0 = Release|Any CPU
	EndGlobalSection
	GlobalSection(SolutionProperties) = preSolution
		HideSolutionNode = FALSE
	EndGlobalSection
	GlobalSection(ExtensibilityGlobals) = postSolution
		SolutionGuid = {84E3FF77-FC22-4026-96CD-B6D4559435A1}
	EndGlobalSection
EndGlobal
