
Microsoft Visual Studio Solution File, Format Version 12.00
# Visual Studio 15
VisualStudioVersion = 15.0.27130.2027
MinimumVisualStudioVersion = 10.0.40219.1
Project("{FAE04EC0-301F-11D3-BF4B-00C04F79EFBC}") = "Largest3Numbers", "Largest3Numbers\Largest3Numbers.csproj", "{CBC19B4A-A9DA-4890-94FB-1E2D84AC0082}"
EndProject
Global
	GlobalSection(SolutionConfigurationPlatforms) = preSolution
		Debug|Any CPU = Debug|Any CPU
		Release|Any CPU = Release|Any CPU
	EndGlobalSection
	GlobalSection(ProjectConfigurationPlatforms) = postSolution
		{CBC19B4A-A9DA-4890-94FB-1E2D84AC0082}.Debug|Any CPU.ActiveCfg = Debug|Any CPU
		{CBC19B4A-A9DA-4890-94FB-1E2D84AC0082}.Debug|Any CPU.Build.0 = Debug|Any CPU
		{CBC19B4A-A9DA-4890-94FB-1E2D84AC0082}.Release|Any CPU.ActiveCfg = Release|Any CPU
		{CBC19B4A-A9DA-4890-94FB-1E2D84AC0082}.Release|Any CPU.Build.0 = Release|Any CPU
	EndGlobalSection
	GlobalSection(SolutionProperties) = preSolution
		HideSolutionNode = FALSE
	EndGlobalSection
	GlobalSection(ExtensibilityGlobals) = postSolution
		SolutionGuid = {4627F657-8B18-45BF-9515-ACB77E9C0370}
	EndGlobalSection
EndGlobal
