
Microsoft Visual Studio Solution File, Format Version 12.00
# Visual Studio 15
VisualStudioVersion = 15.0.27130.2027
MinimumVisualStudioVersion = 10.0.40219.1
Project("{FAE04EC0-301F-11D3-BF4B-00C04F79EFBC}") = "CountRealNumbers", "CountRealNumbers\CountRealNumbers.csproj", "{BE95A310-3B14-41DD-B3F3-65CB9AF3F694}"
EndProject
Global
	GlobalSection(SolutionConfigurationPlatforms) = preSolution
		Debug|Any CPU = Debug|Any CPU
		Release|Any CPU = Release|Any CPU
	EndGlobalSection
	GlobalSection(ProjectConfigurationPlatforms) = postSolution
		{BE95A310-3B14-41DD-B3F3-65CB9AF3F694}.Debug|Any CPU.ActiveCfg = Debug|Any CPU
		{BE95A310-3B14-41DD-B3F3-65CB9AF3F694}.Debug|Any CPU.Build.0 = Debug|Any CPU
		{BE95A310-3B14-41DD-B3F3-65CB9AF3F694}.Release|Any CPU.ActiveCfg = Release|Any CPU
		{BE95A310-3B14-41DD-B3F3-65CB9AF3F694}.Release|Any CPU.Build.0 = Release|Any CPU
	EndGlobalSection
	GlobalSection(SolutionProperties) = preSolution
		HideSolutionNode = FALSE
	EndGlobalSection
	GlobalSection(ExtensibilityGlobals) = postSolution
		SolutionGuid = {5D76F6B5-F1A8-43C7-9461-3BD403CEFB3B}
	EndGlobalSection
EndGlobal
